// !$*UTF8*$!
{
	archiveVersion = 1;
	classes = {
	};
	objectVersion = 55;
	objects = {

/* Begin PBXBuildFile section */
		D9A873B328E3892F004784BD /* AppDelegate.swift in Sources */ = {isa = PBXBuildFile; fileRef = D9A873B228E3892F004784BD /* AppDelegate.swift */; };
		D9A873B528E3892F004784BD /* SceneDelegate.swift in Sources */ = {isa = PBXBuildFile; fileRef = D9A873B428E3892F004784BD /* SceneDelegate.swift */; };
		D9A873B728E3892F004784BD /* ViewController.swift in Sources */ = {isa = PBXBuildFile; fileRef = D9A873B628E3892F004784BD /* ViewController.swift */; };
		D9A873BA28E3892F004784BD /* Main.storyboard in Resources */ = {isa = PBXBuildFile; fileRef = D9A873B828E3892F004784BD /* Main.storyboard */; };
		D9A873BC28E38933004784BD /* Assets.xcassets in Resources */ = {isa = PBXBuildFile; fileRef = D9A873BB28E38933004784BD /* Assets.xcassets */; };
		D9A873BF28E38933004784BD /* LaunchScreen.storyboard in Resources */ = {isa = PBXBuildFile; fileRef = D9A873BD28E38933004784BD /* LaunchScreen.storyboard */; };
		D9A873CA28E38933004784BD /* WinePairTests.swift in Sources */ = {isa = PBXBuildFile; fileRef = D9A873C928E38933004784BD /* WinePairTests.swift */; };
		D9A873D428E38933004784BD /* WinePairUITests.swift in Sources */ = {isa = PBXBuildFile; fileRef = D9A873D328E38933004784BD /* WinePairUITests.swift */; };
		D9A873D628E38933004784BD /* WinePairUITestsLaunchTests.swift in Sources */ = {isa = PBXBuildFile; fileRef = D9A873D528E38933004784BD /* WinePairUITestsLaunchTests.swift */; };
/* End PBXBuildFile section */

/* Begin PBXContainerItemProxy section */
		D9A873C628E38933004784BD /* PBXContainerItemProxy */ = {
			isa = PBXContainerItemProxy;
			containerPortal = D9A873A728E3892F004784BD /* Project object */;
			proxyType = 1;
			remoteGlobalIDString = D9A873AE28E3892F004784BD;
			remoteInfo = WinePair;
		};
		D9A873D028E38933004784BD /* PBXContainerItemProxy */ = {
			isa = PBXContainerItemProxy;
			containerPortal = D9A873A728E3892F004784BD /* Project object */;
			proxyType = 1;
			remoteGlobalIDString = D9A873AE28E3892F004784BD;
			remoteInfo = WinePair;
		};
/* End PBXContainerItemProxy section */

/* Begin PBXFileReference section */
		D9A873AF28E3892F004784BD /* WinePair.app */ = {isa = PBXFileReference; explicitFileType = wrapper.application; includeInIndex = 0; path = WinePair.app; sourceTree = BUILT_PRODUCTS_DIR; };
		D9A873B228E3892F004784BD /* AppDelegate.swift */ = {isa = PBXFileReference; lastKnownFileType = sourcecode.swift; path = AppDelegate.swift; sourceTree = "<group>"; };
		D9A873B428E3892F004784BD /* SceneDelegate.swift */ = {isa = PBXFileReference; lastKnownFileType = sourcecode.swift; path = SceneDelegate.swift; sourceTree = "<group>"; };
		D9A873B628E3892F004784BD /* ViewController.swift */ = {isa = PBXFileReference; lastKnownFileType = sourcecode.swift; path = ViewController.swift; sourceTree = "<group>"; };
		D9A873B928E3892F004784BD /* Base */ = {isa = PBXFileReference; lastKnownFileType = file.storyboard; name = Base; path = Base.lproj/Main.storyboard; sourceTree = "<group>"; };
		D9A873BB28E38933004784BD /* Assets.xcassets */ = {isa = PBXFileReference; lastKnownFileType = folder.assetcatalog; path = Assets.xcassets; sourceTree = "<group>"; };
		D9A873BE28E38933004784BD /* Base */ = {isa = PBXFileReference; lastKnownFileType = file.storyboard; name = Base; path = Base.lproj/LaunchScreen.storyboard; sourceTree = "<group>"; };
		D9A873C028E38933004784BD /* Info.plist */ = {isa = PBXFileReference; lastKnownFileType = text.plist.xml; path = Info.plist; sourceTree = "<group>"; };
		D9A873C528E38933004784BD /* WinePairTests.xctest */ = {isa = PBXFileReference; explicitFileType = wrapper.cfbundle; includeInIndex = 0; path = WinePairTests.xctest; sourceTree = BUILT_PRODUCTS_DIR; };
		D9A873C928E38933004784BD /* WinePairTests.swift */ = {isa = PBXFileReference; lastKnownFileType = sourcecode.swift; path = WinePairTests.swift; sourceTree = "<group>"; };
		D9A873CF28E38933004784BD /* WinePairUITests.xctest */ = {isa = PBXFileReference; explicitFileType = wrapper.cfbundle; includeInIndex = 0; path = WinePairUITests.xctest; sourceTree = BUILT_PRODUCTS_DIR; };
		D9A873D328E38933004784BD /* WinePairUITests.swift */ = {isa = PBXFileReference; lastKnownFileType = sourcecode.swift; path = WinePairUITests.swift; sourceTree = "<group>"; };
		D9A873D528E38933004784BD /* WinePairUITestsLaunchTests.swift */ = {isa = PBXFileReference; lastKnownFileType = sourcecode.swift; path = WinePairUITestsLaunchTests.swift; sourceTree = "<group>"; };
/* End PBXFileReference section */

/* Begin PBXFrameworksBuildPhase section */
		D9A873AC28E3892F004784BD /* Frameworks */ = {
			isa = PBXFrameworksBuildPhase;
			buildActionMask = 2147483647;
			files = (
			);
			runOnlyForDeploymentPostprocessing = 0;
		};
		D9A873C228E38933004784BD /* Frameworks */ = {
			isa = PBXFrameworksBuildPhase;
			buildActionMask = 2147483647;
			files = (
			);
			runOnlyForDeploymentPostprocessing = 0;
		};
		D9A873CC28E38933004784BD /* Frameworks */ = {
			isa = PBXFrameworksBuildPhase;
			buildActionMask = 2147483647;
			files = (
			);
			runOnlyForDeploymentPostprocessing = 0;
		};
/* End PBXFrameworksBuildPhase section */

/* Begin PBXGroup section */
		D9A873A628E3892F004784BD = {
			isa = PBXGroup;
			children = (
				D9A873B128E3892F004784BD /* WinePair */,
				D9A873C828E38933004784BD /* WinePairTests */,
				D9A873D228E38933004784BD /* WinePairUITests */,
				D9A873B028E3892F004784BD /* Products */,
			);
			sourceTree = "<group>";
		};
		D9A873B028E3892F004784BD /* Products */ = {
			isa = PBXGroup;
			children = (
				D9A873AF28E3892F004784BD /* WinePair.app */,
				D9A873C528E38933004784BD /* WinePairTests.xctest */,
				D9A873CF28E38933004784BD /* WinePairUITests.xctest */,
			);
			name = Products;
			sourceTree = "<group>";
		};
		D9A873B128E3892F004784BD /* WinePair */ = {
			isa = PBXGroup;
			children = (
				D9A873B228E3892F004784BD /* AppDelegate.swift */,
				D9A873B428E3892F004784BD /* SceneDelegate.swift */,
				D9A873B628E3892F004784BD /* ViewController.swift */,
				D9A873B828E3892F004784BD /* Main.storyboard */,
				D9A873BB28E38933004784BD /* Assets.xcassets */,
				D9A873BD28E38933004784BD /* LaunchScreen.storyboard */,
				D9A873C028E38933004784BD /* Info.plist */,
			);
			path = WinePair;
			sourceTree = "<group>";
		};
		D9A873C828E38933004784BD /* WinePairTests */ = {
			isa = PBXGroup;
			children = (
				D9A873C928E38933004784BD /* WinePairTests.swift */,
			);
			path = WinePairTests;
			sourceTree = "<group>";
		};
		D9A873D228E38933004784BD /* WinePairUITests */ = {
			isa = PBXGroup;
			children = (
				D9A873D328E38933004784BD /* WinePairUITests.swift */,
				D9A873D528E38933004784BD /* WinePairUITestsLaunchTests.swift */,
			);
			path = WinePairUITests;
			sourceTree = "<group>";
		};
/* End PBXGroup section */

/* Begin PBXNativeTarget section */
		D9A873AE28E3892F004784BD /* WinePair */ = {
			isa = PBXNativeTarget;
			buildConfigurationList = D9A873D928E38933004784BD /* Build configuration list for PBXNativeTarget "WinePair" */;
			buildPhases = (
				D9A873AB28E3892F004784BD /* Sources */,
				D9A873AC28E3892F004784BD /* Frameworks */,
				D9A873AD28E3892F004784BD /* Resources */,
			);
			buildRules = (
			);
			dependencies = (
			);
			name = WinePair;
			productName = WinePair;
			productReference = D9A873AF28E3892F004784BD /* WinePair.app */;
			productType = "com.apple.product-type.application";
		};
		D9A873C428E38933004784BD /* WinePairTests */ = {
			isa = PBXNativeTarget;
			buildConfigurationList = D9A873DC28E38933004784BD /* Build configuration list for PBXNativeTarget "WinePairTests" */;
			buildPhases = (
				D9A873C128E38933004784BD /* Sources */,
				D9A873C228E38933004784BD /* Frameworks */,
				D9A873C328E38933004784BD /* Resources */,
			);
			buildRules = (
			);
			dependencies = (
				D9A873C728E38933004784BD /* PBXTargetDependency */,
			);
			name = WinePairTests;
			productName = WinePairTests;
			productReference = D9A873C528E38933004784BD /* WinePairTests.xctest */;
			productType = "com.apple.product-type.bundle.unit-test";
		};
		D9A873CE28E38933004784BD /* WinePairUITests */ = {
			isa = PBXNativeTarget;
			buildConfigurationList = D9A873DF28E38933004784BD /* Build configuration list for PBXNativeTarget "WinePairUITests" */;
			buildPhases = (
				D9A873CB28E38933004784BD /* Sources */,
				D9A873CC28E38933004784BD /* Frameworks */,
				D9A873CD28E38933004784BD /* Resources */,
			);
			buildRules = (
			);
			dependencies = (
				D9A873D128E38933004784BD /* PBXTargetDependency */,
			);
			name = WinePairUITests;
			productName = WinePairUITests;
			productReference = D9A873CF28E38933004784BD /* WinePairUITests.xctest */;
			productType = "com.apple.product-type.bundle.ui-testing";
		};
/* End PBXNativeTarget section */

/* Begin PBXProject section */
		D9A873A728E3892F004784BD /* Project object */ = {
			isa = PBXProject;
			attributes = {
				BuildIndependentTargetsInParallel = 1;
				LastSwiftUpdateCheck = 1340;
				LastUpgradeCheck = 1340;
				TargetAttributes = {
					D9A873AE28E3892F004784BD = {
						CreatedOnToolsVersion = 13.4.1;
					};
					D9A873C428E38933004784BD = {
						CreatedOnToolsVersion = 13.4.1;
						TestTargetID = D9A873AE28E3892F004784BD;
					};
					D9A873CE28E38933004784BD = {
						CreatedOnToolsVersion = 13.4.1;
						TestTargetID = D9A873AE28E3892F004784BD;
					};
				};
			};
			buildConfigurationList = D9A873AA28E3892F004784BD /* Build configuration list for PBXProject "WinePair" */;
			compatibilityVersion = "Xcode 13.0";
			developmentRegion = en;
			hasScannedForEncodings = 0;
			knownRegions = (
				en,
				Base,
			);
			mainGroup = D9A873A628E3892F004784BD;
			productRefGroup = D9A873B028E3892F004784BD /* Products */;
			projectDirPath = "";
			projectRoot = "";
			targets = (
				D9A873AE28E3892F004784BD /* WinePair */,
				D9A873C428E38933004784BD /* WinePairTests */,
				D9A873CE28E38933004784BD /* WinePairUITests */,
			);
		};
/* End PBXProject section */

/* Begin PBXResourcesBuildPhase section */
		D9A873AD28E3892F004784BD /* Resources */ = {
			isa = PBXResourcesBuildPhase;
			buildActionMask = 2147483647;
			files = (
				D9A873BF28E38933004784BD /* LaunchScreen.storyboard in Resources */,
				D9A873BC28E38933004784BD /* Assets.xcassets in Resources */,
				D9A873BA28E3892F004784BD /* Main.storyboard in Resources */,
			);
			runOnlyForDeploymentPostprocessing = 0;
		};
		D9A873C328E38933004784BD /* Resources */ = {
			isa = PBXResourcesBuildPhase;
			buildActionMask = 2147483647;
			files = (
			);
			runOnlyForDeploymentPostprocessing = 0;
		};
		D9A873CD28E38933004784BD /* Resources */ = {
			isa = PBXResourcesBuildPhase;
			buildActionMask = 2147483647;
			files = (
			);
			runOnlyForDeploymentPostprocessing = 0;
		};
/* End PBXResourcesBuildPhase section */

/* Begin PBXSourcesBuildPhase section */
		D9A873AB28E3892F004784BD /* Sources */ = {
			isa = PBXSourcesBuildPhase;
			buildActionMask = 2147483647;
			files = (
				D9A873B728E3892F004784BD /* ViewController.swift in Sources */,
				D9A873B328E3892F004784BD /* AppDelegate.swift in Sources */,
				D9A873B528E3892F004784BD /* SceneDelegate.swift in Sources */,
			);
			runOnlyForDeploymentPostprocessing = 0;
		};
		D9A873C128E38933004784BD /* Sources */ = {
			isa = PBXSourcesBuildPhase;
			buildActionMask = 2147483647;
			files = (
				D9A873CA28E38933004784BD /* WinePairTests.swift in Sources */,
			);
			runOnlyForDeploymentPostprocessing = 0;
		};
		D9A873CB28E38933004784BD /* Sources */ = {
			isa = PBXSourcesBuildPhase;
			buildActionMask = 2147483647;
			files = (
				D9A873D628E38933004784BD /* WinePairUITestsLaunchTests.swift in Sources */,
				D9A873D428E38933004784BD /* WinePairUITests.swift in Sources */,
			);
			runOnlyForDeploymentPostprocessing = 0;
		};
/* End PBXSourcesBuildPhase section */

/* Begin PBXTargetDependency section */
		D9A873C728E38933004784BD /* PBXTargetDependency */ = {
			isa = PBXTargetDependency;
			target = D9A873AE28E3892F004784BD /* WinePair */;
			targetProxy = D9A873C628E38933004784BD /* PBXContainerItemProxy */;
		};
		D9A873D128E38933004784BD /* PBXTargetDependency */ = {
			isa = PBXTargetDependency;
			target = D9A873AE28E3892F004784BD /* WinePair */;
			targetProxy = D9A873D028E38933004784BD /* PBXContainerItemProxy */;
		};
/* End PBXTargetDependency section */

/* Begin PBXVariantGroup section */
		D9A873B828E3892F004784BD /* Main.storyboard */ = {
			isa = PBXVariantGroup;
			children = (
				D9A873B928E3892F004784BD /* Base */,
			);
			name = Main.storyboard;
			sourceTree = "<group>";
		};
		D9A873BD28E38933004784BD /* LaunchScreen.storyboard */ = {
			isa = PBXVariantGroup;
			children = (
				D9A873BE28E38933004784BD /* Base */,
			);
			name = LaunchScreen.storyboard;
			sourceTree = "<group>";
		};
/* End PBXVariantGroup section */

/* Begin XCBuildConfiguration section */
		D9A873D728E38933004784BD /* Debug */ = {
			isa = XCBuildConfiguration;
			buildSettings = {
				ALWAYS_SEARCH_USER_PATHS = NO;
				CLANG_ANALYZER_NONNULL = YES;
				CLANG_ANALYZER_NUMBER_OBJECT_CONVERSION = YES_AGGRESSIVE;
				CLANG_CXX_LANGUAGE_STANDARD = "gnu++17";
				CLANG_ENABLE_MODULES = YES;
				CLANG_ENABLE_OBJC_ARC = YES;
				CLANG_ENABLE_OBJC_WEAK = YES;
				CLANG_WARN_BLOCK_CAPTURE_AUTORELEASING = YES;
				CLANG_WARN_BOOL_CONVERSION = YES;
				CLANG_WARN_COMMA = YES;
				CLANG_WARN_CONSTANT_CONVERSION = YES;
				CLANG_WARN_DEPRECATED_OBJC_IMPLEMENTATIONS = YES;
				CLANG_WARN_DIRECT_OBJC_ISA_USAGE = YES_ERROR;
				CLANG_WARN_DOCUMENTATION_COMMENTS = YES;
				CLANG_WARN_EMPTY_BODY = YES;
				CLANG_WARN_ENUM_CONVERSION = YES;
				CLANG_WARN_INFINITE_RECURSION = YES;
				CLANG_WARN_INT_CONVERSION = YES;
				CLANG_WARN_NON_LITERAL_NULL_CONVERSION = YES;
				CLANG_WARN_OBJC_IMPLICIT_RETAIN_SELF = YES;
				CLANG_WARN_OBJC_LITERAL_CONVERSION = YES;
				CLANG_WARN_OBJC_ROOT_CLASS = YES_ERROR;
				CLANG_WARN_QUOTED_INCLUDE_IN_FRAMEWORK_HEADER = YES;
				CLANG_WARN_RANGE_LOOP_ANALYSIS = YES;
				CLANG_WARN_STRICT_PROTOTYPES = YES;
				CLANG_WARN_SUSPICIOUS_MOVE = YES;
				CLANG_WARN_UNGUARDED_AVAILABILITY = YES_AGGRESSIVE;
				CLANG_WARN_UNREACHABLE_CODE = YES;
				CLANG_WARN__DUPLICATE_METHOD_MATCH = YES;
				COPY_PHASE_STRIP = NO;
				DEBUG_INFORMATION_FORMAT = dwarf;
				ENABLE_STRICT_OBJC_MSGSEND = YES;
				ENABLE_TESTABILITY = YES;
				GCC_C_LANGUAGE_STANDARD = gnu11;
				GCC_DYNAMIC_NO_PIC = NO;
				GCC_NO_COMMON_BLOCKS = YES;
				GCC_OPTIMIZATION_LEVEL = 0;
				GCC_PREPROCESSOR_DEFINITIONS = (
					"DEBUG=1",
					"$(inherited)",
				);
				GCC_WARN_64_TO_32_BIT_CONVERSION = YES;
				GCC_WARN_ABOUT_RETURN_TYPE = YES_ERROR;
				GCC_WARN_UNDECLARED_SELECTOR = YES;
				GCC_WARN_UNINITIALIZED_AUTOS = YES_AGGRESSIVE;
				GCC_WARN_UNUSED_FUNCTION = YES;
				GCC_WARN_UNUSED_VARIABLE = YES;
				IPHONEOS_DEPLOYMENT_TARGET = 15.5;
				MTL_ENABLE_DEBUG_INFO = INCLUDE_SOURCE;
				MTL_FAST_MATH = YES;
				ONLY_ACTIVE_ARCH = YES;
				SDKROOT = iphoneos;
				SWIFT_ACTIVE_COMPILATION_CONDITIONS = DEBUG;
				SWIFT_OPTIMIZATION_LEVEL = "-Onone";
			};
			name = Debug;
		};
		D9A873D828E38933004784BD /* Release */ = {
			isa = XCBuildConfiguration;
			buildSettings = {
				ALWAYS_SEARCH_USER_PATHS = NO;
				CLANG_ANALYZER_NONNULL = YES;
				CLANG_ANALYZER_NUMBER_OBJECT_CONVERSION = YES_AGGRESSIVE;
				CLANG_CXX_LANGUAGE_STANDARD = "gnu++17";
				CLANG_ENABLE_MODULES = YES;
				CLANG_ENABLE_OBJC_ARC = YES;
				CLANG_ENABLE_OBJC_WEAK = YES;
				CLANG_WARN_BLOCK_CAPTURE_AUTORELEASING = YES;
				CLANG_WARN_BOOL_CONVERSION = YES;
				CLANG_WARN_COMMA = YES;
				CLANG_WARN_CONSTANT_CONVERSION = YES;
				CLANG_WARN_DEPRECATED_OBJC_IMPLEMENTATIONS = YES;
				CLANG_WARN_DIRECT_OBJC_ISA_USAGE = YES_ERROR;
				CLANG_WARN_DOCUMENTATION_COMMENTS = YES;
				CLANG_WARN_EMPTY_BODY = YES;
				CLANG_WARN_ENUM_CONVERSION = YES;
				CLANG_WARN_INFINITE_RECURSION = YES;
				CLANG_WARN_INT_CONVERSION = YES;
				CLANG_WARN_NON_LITERAL_NULL_CONVERSION = YES;
				CLANG_WARN_OBJC_IMPLICIT_RETAIN_SELF = YES;
				CLANG_WARN_OBJC_LITERAL_CONVERSION = YES;
				CLANG_WARN_OBJC_ROOT_CLASS = YES_ERROR;
				CLANG_WARN_QUOTED_INCLUDE_IN_FRAMEWORK_HEADER = YES;
				CLANG_WARN_RANGE_LOOP_ANALYSIS = YES;
				CLANG_WARN_STRICT_PROTOTYPES = YES;
				CLANG_WARN_SUSPICIOUS_MOVE = YES;
				CLANG_WARN_UNGUARDED_AVAILABILITY = YES_AGGRESSIVE;
				CLANG_WARN_UNREACHABLE_CODE = YES;
				CLANG_WARN__DUPLICATE_METHOD_MATCH = YES;
				COPY_PHASE_STRIP = NO;
				DEBUG_INFORMATION_FORMAT = "dwarf-with-dsym";
				ENABLE_NS_ASSERTIONS = NO;
				ENABLE_STRICT_OBJC_MSGSEND = YES;
				GCC_C_LANGUAGE_STANDARD = gnu11;
				GCC_NO_COMMON_BLOCKS = YES;
				GCC_WARN_64_TO_32_BIT_CONVERSION = YES;
				GCC_WARN_ABOUT_RETURN_TYPE = YES_ERROR;
				GCC_WARN_UNDECLARED_SELECTOR = YES;
				GCC_WARN_UNINITIALIZED_AUTOS = YES_AGGRESSIVE;
				GCC_WARN_UNUSED_FUNCTION = YES;
				GCC_WARN_UNUSED_VARIABLE = YES;
				IPHONEOS_DEPLOYMENT_TARGET = 15.5;
				MTL_ENABLE_DEBUG_INFO = NO;
				MTL_FAST_MATH = YES;
				SDKROOT = iphoneos;
				SWIFT_COMPILATION_MODE = wholemodule;
				SWIFT_OPTIMIZATION_LEVEL = "-O";
				VALIDATE_PRODUCT = YES;
			};
			name = Release;
		};
		D9A873DA28E38933004784BD /* Debug */ = {
			isa = XCBuildConfiguration;
			buildSettings = {
				ASSETCATALOG_COMPILER_APPICON_NAME = AppIcon;
				ASSETCATALOG_COMPILER_GLOBAL_ACCENT_COLOR_NAME = AccentColor;
				CODE_SIGN_STYLE = Automatic;
				CURRENT_PROJECT_VERSION = 1;
				DEVELOPMENT_TEAM = K8VD6W3JRZ;
				GENERATE_INFOPLIST_FILE = YES;
				INFOPLIST_FILE = WinePair/Info.plist;
				INFOPLIST_KEY_UIApplicationSupportsIndirectInputEvents = YES;
				INFOPLIST_KEY_UILaunchStoryboardName = LaunchScreen;
				INFOPLIST_KEY_UIMainStoryboardFile = Main;
				INFOPLIST_KEY_UISupportedInterfaceOrientations_iPad = "UIInterfaceOrientationPortrait UIInterfaceOrientationPortraitUpsideDown UIInterfaceOrientationLandscapeLeft UIInterfaceOrientationLandscapeRight";
				INFOPLIST_KEY_UISupportedInterfaceOrientations_iPhone = "UIInterfaceOrientationPortrait UIInterfaceOrientationLandscapeLeft UIInterfaceOrientationLandscapeRight";
				LD_RUNPATH_SEARCH_PATHS = (
					"$(inherited)",
					"@executable_path/Frameworks",
				);
				MARKETING_VERSION = 1.0;
				PRODUCT_BUNDLE_IDENTIFIER = com.matheusgoes.WinePair;
				PRODUCT_NAME = "$(TARGET_NAME)";
				SWIFT_EMIT_LOC_STRINGS = YES;
				SWIFT_VERSION = 5.0;
				TARGETED_DEVICE_FAMILY = "1,2";
			};
			name = Debug;
		};
		D9A873DB28E38933004784BD /* Release */ = {
			isa = XCBuildConfiguration;
			buildSettings = {
				ASSETCATALOG_COMPILER_APPICON_NAME = AppIcon;
				ASSETCATALOG_COMPILER_GLOBAL_ACCENT_COLOR_NAME = AccentColor;
				CODE_SIGN_STYLE = Automatic;
				CURRENT_PROJECT_VERSION = 1;
				DEVELOPMENT_TEAM = K8VD6W3JRZ;
				GENERATE_INFOPLIST_FILE = YES;
				INFOPLIST_FILE = WinePair/Info.plist;
				INFOPLIST_KEY_UIApplicationSupportsIndirectInputEvents = YES;
				INFOPLIST_KEY_UILaunchStoryboardName = LaunchScreen;
				INFOPLIST_KEY_UIMainStoryboardFile = Main;
				INFOPLIST_KEY_UISupportedInterfaceOrientations_iPad = "UIInterfaceOrientationPortrait UIInterfaceOrientationPortraitUpsideDown UIInterfaceOrientationLandscapeLeft UIInterfaceOrientationLandscapeRight";
				INFOPLIST_KEY_UISupportedInterfaceOrientations_iPhone = "UIInterfaceOrientationPortrait UIInterfaceOrientationLandscapeLeft UIInterfaceOrientationLandscapeRight";
				LD_RUNPATH_SEARCH_PATHS = (
					"$(inherited)",
					"@executable_path/Frameworks",
				);
				MARKETING_VERSION = 1.0;
				PRODUCT_BUNDLE_IDENTIFIER = com.matheusgoes.WinePair;
				PRODUCT_NAME = "$(TARGET_NAME)";
				SWIFT_EMIT_LOC_STRINGS = YES;
				SWIFT_VERSION = 5.0;
				TARGETED_DEVICE_FAMILY = "1,2";
			};
			name = Release;
		};
		D9A873DD28E38933004784BD /* Debug */ = {
			isa = XCBuildConfiguration;
			buildSettings = {
				ALWAYS_EMBED_SWIFT_STANDARD_LIBRARIES = YES;
				BUNDLE_LOADER = "$(TEST_HOST)";
				CODE_SIGN_STYLE = Automatic;
				CURRENT_PROJECT_VERSION = 1;
				DEVELOPMENT_TEAM = K8VD6W3JRZ;
				GENERATE_INFOPLIST_FILE = YES;
				IPHONEOS_DEPLOYMENT_TARGET = 15.5;
				MARKETING_VERSION = 1.0;
				PRODUCT_BUNDLE_IDENTIFIER = com.matheusgoes.WinePairTests;
				PRODUCT_NAME = "$(TARGET_NAME)";
				SWIFT_EMIT_LOC_STRINGS = NO;
				SWIFT_VERSION = 5.0;
				TARGETED_DEVICE_FAMILY = "1,2";
				TEST_HOST = "$(BUILT_PRODUCTS_DIR)/WinePair.app/WinePair";
			};
			name = Debug;
		};
		D9A873DE28E38933004784BD /* Release */ = {
			isa = XCBuildConfiguration;
			buildSettings = {
				ALWAYS_EMBED_SWIFT_STANDARD_LIBRARIES = YES;
				BUNDLE_LOADER = "$(TEST_HOST)";
				CODE_SIGN_STYLE = Automatic;
				CURRENT_PROJECT_VERSION = 1;
				DEVELOPMENT_TEAM = K8VD6W3JRZ;
				GENERATE_INFOPLIST_FILE = YES;
				IPHONEOS_DEPLOYMENT_TARGET = 15.5;
				MARKETING_VERSION = 1.0;
				PRODUCT_BUNDLE_IDENTIFIER = com.matheusgoes.WinePairTests;
				PRODUCT_NAME = "$(TARGET_NAME)";
				SWIFT_EMIT_LOC_STRINGS = NO;
				SWIFT_VERSION = 5.0;
				TARGETED_DEVICE_FAMILY = "1,2";
				TEST_HOST = "$(BUILT_PRODUCTS_DIR)/WinePair.app/WinePair";
			};
			name = Release;
		};
		D9A873E028E38933004784BD /* Debug */ = {
			isa = XCBuildConfiguration;
			buildSettings = {
				ALWAYS_EMBED_SWIFT_STANDARD_LIBRARIES = YES;
				CODE_SIGN_STYLE = Automatic;
				CURRENT_PROJECT_VERSION = 1;
				DEVELOPMENT_TEAM = K8VD6W3JRZ;
				GENERATE_INFOPLIST_FILE = YES;
				MARKETING_VERSION = 1.0;
				PRODUCT_BUNDLE_IDENTIFIER = com.matheusgoes.WinePairUITests;
				PRODUCT_NAME = "$(TARGET_NAME)";
				SWIFT_EMIT_LOC_STRINGS = NO;
				SWIFT_VERSION = 5.0;
				TARGETED_DEVICE_FAMILY = "1,2";
				TEST_TARGET_NAME = WinePair;
			};
			name = Debug;
		};
		D9A873E128E38933004784BD /* Release */ = {
			isa = XCBuildConfiguration;
			buildSettings = {
				ALWAYS_EMBED_SWIFT_STANDARD_LIBRARIES = YES;
				CODE_SIGN_STYLE = Automatic;
				CURRENT_PROJECT_VERSION = 1;
				DEVELOPMENT_TEAM = K8VD6W3JRZ;
				GENERATE_INFOPLIST_FILE = YES;
				MARKETING_VERSION = 1.0;
				PRODUCT_BUNDLE_IDENTIFIER = com.matheusgoes.WinePairUITests;
				PRODUCT_NAME = "$(TARGET_NAME)";
				SWIFT_EMIT_LOC_STRINGS = NO;
				SWIFT_VERSION = 5.0;
				TARGETED_DEVICE_FAMILY = "1,2";
				TEST_TARGET_NAME = WinePair;
			};
			name = Release;
		};
/* End XCBuildConfiguration section */

/* Begin XCConfigurationList section */
		D9A873AA28E3892F004784BD /* Build configuration list for PBXProject "WinePair" */ = {
			isa = XCConfigurationList;
			buildConfigurations = (
				D9A873D728E38933004784BD /* Debug */,
				D9A873D828E38933004784BD /* Release */,
			);
			defaultConfigurationIsVisible = 0;
			defaultConfigurationName = Release;
		};
		D9A873D928E38933004784BD /* Build configuration list for PBXNativeTarget "WinePair" */ = {
			isa = XCConfigurationList;
			buildConfigurations = (
				D9A873DA28E38933004784BD /* Debug */,
				D9A873DB28E38933004784BD /* Release */,
			);
			defaultConfigurationIsVisible = 0;
			defaultConfigurationName = Release;
		};
		D9A873DC28E38933004784BD /* Build configuration list for PBXNativeTarget "WinePairTests" */ = {
			isa = XCConfigurationList;
			buildConfigurations = (
				D9A873DD28E38933004784BD /* Debug */,
				D9A873DE28E38933004784BD /* Release */,
			);
			defaultConfigurationIsVisible = 0;
			defaultConfigurationName = Release;
		};
		D9A873DF28E38933004784BD /* Build configuration list for PBXNativeTarget "WinePairUITests" */ = {
			isa = XCConfigurationList;
			buildConfigurations = (
				D9A873E028E38933004784BD /* Debug */,
				D9A873E128E38933004784BD /* Release */,
			);
			defaultConfigurationIsVisible = 0;
			defaultConfigurationName = Release;
		};
/* End XCConfigurationList section */
	};
	rootObject = D9A873A728E3892F004784BD /* Project object */;
}
